
Microsoft Visual Studio Solution File, Format Version 12.00
# Visual Studio Version 17
VisualStudioVersion = 17.13.35913.81 d17.13
MinimumVisualStudioVersion = 10.0.40219.1
Project("{FAE04EC0-301F-11D3-BF4B-00C04F79EFBC}") = "ProductMonitering", "ProductMonitering\ProductMonitering.csproj", "{4C98541C-3745-4102-9DB6-D04784E3B4D2}"
EndProject
Global
	GlobalSection(SolutionConfigurationPlatforms) = preSolution
		Debug|Any CPU = Debug|Any CPU
		Release|Any CPU = Release|Any CPU
	EndGlobalSection
	GlobalSection(ProjectConfigurationPlatforms) = postSolution
		{4C98541C-3745-4102-9DB6-D04784E3B4D2}.Debug|Any CPU.ActiveCfg = Debug|Any CPU
		{4C98541C-3745-4102-9DB6-D04784E3B4D2}.Debug|Any CPU.Build.0 = Debug|Any CPU
		{4C98541C-3745-4102-9DB6-D04784E3B4D2}.Release|Any CPU.ActiveCfg = Release|Any CPU
		{4C98541C-3745-4102-9DB6-D04784E3B4D2}.Release|Any CPU.Build.0 = Release|Any CPU
	EndGlobalSection
	GlobalSection(SolutionProperties) = preSolution
		HideSolutionNode = FALSE
	EndGlobalSection
	GlobalSection(ExtensibilityGlobals) = postSolution
		SolutionGuid = {F1401235-15F2-403F-B903-B615E9A9DE98}
	EndGlobalSection
EndGlobal
